// !$*UTF8*$!
{
	archiveVersion = 1;
	classes = {
	};
	objectVersion = 46;
	objects = {

/* Begin PBXBuildFile section */
		B9060B7019440FF7000AC166 /* main.m in Sources */ = {isa = PBXBuildFile; fileRef = B9060B6F19440FF7000AC166 /* main.m */; };
		B9060B7319440FF7000AC166 /* AppDelegate.m in Sources */ = {isa = PBXBuildFile; fileRef = B9060B7219440FF7000AC166 /* AppDelegate.m */; };
		B9060B7919440FF7000AC166 /* Main.storyboard in Resources */ = {isa = PBXBuildFile; fileRef = B9060B7719440FF7000AC166 /* Main.storyboard */; };
		B9060B7B19440FF7000AC166 /* Images.xcassets in Resources */ = {isa = PBXBuildFile; fileRef = B9060B7A19440FF7000AC166 /* Images.xcassets */; };
		B9060B8719440FF7000AC166 /* PinoccioTests.m in Sources */ = {isa = PBXBuildFile; fileRef = B9060B8619440FF7000AC166 /* PinoccioTests.m */; };
		B9060BD519442021000AC166 /* MainTableViewController.m in Sources */ = {isa = PBXBuildFile; fileRef = B9060BD419442021000AC166 /* MainTableViewController.m */; };
		B9060BDC1944235F000AC166 /* LoginViewController.m in Sources */ = {isa = PBXBuildFile; fileRef = B9060BDB1944235F000AC166 /* LoginViewController.m */; };
		B9060BDF194423EB000AC166 /* JNKeychain.m in Sources */ = {isa = PBXBuildFile; fileRef = B9060BDE194423EB000AC166 /* JNKeychain.m */; };
		B921792F19587C7400FC698F /* ConsoleViewController.m in Sources */ = {isa = PBXBuildFile; fileRef = B921792E19587C7400FC698F /* ConsoleViewController.m */; };
		B94315BA1967BBF7004FE579 /* Main-iPad.storyboard in Resources */ = {isa = PBXBuildFile; fileRef = B94315B81967BBF7004FE579 /* Main-iPad.storyboard */; };
		B94806971961082F00E4EBB7 /* ColorSettingsViewController.m in Sources */ = {isa = PBXBuildFile; fileRef = B94806961961082F00E4EBB7 /* ColorSettingsViewController.m */; };
		B9D989DD1955359700C9BFF3 /* IssueTableViewController.m in Sources */ = {isa = PBXBuildFile; fileRef = B9D989DC1955359700C9BFF3 /* IssueTableViewController.m */; };
		B9D989DF1955388C00C9BFF3 /* libZendeskiPhone.a in Frameworks */ = {isa = PBXBuildFile; fileRef = B9D989DE1955388C00C9BFF3 /* libZendeskiPhone.a */; };
		B9DCD7F719442E7400711E54 /* ScoutListTableViewController.m in Sources */ = {isa = PBXBuildFile; fileRef = B9DCD7F619442E7400711E54 /* ScoutListTableViewController.m */; };
		B9DCD7FA19443AD200711E54 /* ScoutControlTableViewController.m in Sources */ = {isa = PBXBuildFile; fileRef = B9DCD7F919443AD200711E54 /* ScoutControlTableViewController.m */; };
		B9DCD7FD19443DC800711E54 /* MBProgressHUD.m in Sources */ = {isa = PBXBuildFile; fileRef = B9DCD7FC19443DC800711E54 /* MBProgressHUD.m */; };
		B9EF8AAC195A6117008B154E /* UARTPeripheral.m in Sources */ = {isa = PBXBuildFile; fileRef = B9EF8AA9195A6117008B154E /* UARTPeripheral.m */; };
		B9EF8AAD195A6117008B154E /* UARTViewController.m in Sources */ = {isa = PBXBuildFile; fileRef = B9EF8AAB195A6117008B154E /* UARTViewController.m */; };
		B9EF8AB8195A617F008B154E /* NSString+hex.m in Sources */ = {isa = PBXBuildFile; fileRef = B9EF8AB1195A617F008B154E /* NSString+hex.m */; };
		B9EF8AB9195A617F008B154E /* NSData+hex.m in Sources */ = {isa = PBXBuildFile; fileRef = B9EF8AB3195A617F008B154E /* NSData+hex.m */; };
		B9EF8ABA195A617F008B154E /* CBUUID+StringExtraction.m in Sources */ = {isa = PBXBuildFile; fileRef = B9EF8AB5195A617F008B154E /* CBUUID+StringExtraction.m */; };
		B9EF8ABB195A617F008B154E /* UITextView+lineCount.m in Sources */ = {isa = PBXBuildFile; fileRef = B9EF8AB7195A617F008B154E /* UITextView+lineCount.m */; };
		B9EF8ABD195A6560008B154E /* CoreBluetooth.framework in Frameworks */ = {isa = PBXBuildFile; fileRef = B9EF8ABC195A6560008B154E /* CoreBluetooth.framework */; };
		B9EF8ABF195A6567008B154E /* QuartzCore.framework in Frameworks */ = {isa = PBXBuildFile; fileRef = B9EF8ABE195A6567008B154E /* QuartzCore.framework */; };
		D0F20B5EB45646BF8B67059A /* libPods.a in Frameworks */ = {isa = PBXBuildFile; fileRef = E2D2F87603874ADD9846AA54 /* libPods.a */; };
/* End PBXBuildFile section */

/* Begin PBXContainerItemProxy section */
		B9060B8119440FF7000AC166 /* PBXContainerItemProxy */ = {
			isa = PBXContainerItemProxy;
			containerPortal = B9060B6219440FF7000AC166 /* Project object */;
			proxyType = 1;
			remoteGlobalIDString = B9060B6919440FF7000AC166;
			remoteInfo = Pinoccio;
		};
/* End PBXContainerItemProxy section */

/* Begin PBXFileReference section */
		97B4037FF4194ADBB0439E20 /* Pods.xcconfig */ = {isa = PBXFileReference; includeInIndex = 1; lastKnownFileType = text.xcconfig; name = Pods.xcconfig; path = Pods/Pods.xcconfig; sourceTree = "<group>"; };
		B9060B6A19440FF7000AC166 /* Pinoccio.app */ = {isa = PBXFileReference; explicitFileType = wrapper.application; includeInIndex = 0; path = Pinoccio.app; sourceTree = BUILT_PRODUCTS_DIR; };
		B9060B6E19440FF7000AC166 /* Info.plist */ = {isa = PBXFileReference; lastKnownFileType = text.plist.xml; path = Info.plist; sourceTree = "<group>"; };
		B9060B6F19440FF7000AC166 /* main.m */ = {isa = PBXFileReference; lastKnownFileType = sourcecode.c.objc; path = main.m; sourceTree = "<group>"; };
		B9060B7119440FF7000AC166 /* AppDelegate.h */ = {isa = PBXFileReference; lastKnownFileType = sourcecode.c.h; path = AppDelegate.h; sourceTree = "<group>"; };
		B9060B7219440FF7000AC166 /* AppDelegate.m */ = {isa = PBXFileReference; lastKnownFileType = sourcecode.c.objc; path = AppDelegate.m; sourceTree = "<group>"; };
		B9060B7819440FF7000AC166 /* Base */ = {isa = PBXFileReference; lastKnownFileType = file.storyboard; name = Base; path = Base.lproj/Main.storyboard; sourceTree = "<group>"; };
		B9060B7A19440FF7000AC166 /* Images.xcassets */ = {isa = PBXFileReference; lastKnownFileType = folder.assetcatalog; path = Images.xcassets; sourceTree = "<group>"; };
		B9060B8019440FF7000AC166 /* PinoccioTests.xctest */ = {isa = PBXFileReference; explicitFileType = wrapper.cfbundle; includeInIndex = 0; path = PinoccioTests.xctest; sourceTree = BUILT_PRODUCTS_DIR; };
		B9060B8519440FF7000AC166 /* Info.plist */ = {isa = PBXFileReference; lastKnownFileType = text.plist.xml; path = Info.plist; sourceTree = "<group>"; };
		B9060B8619440FF7000AC166 /* PinoccioTests.m */ = {isa = PBXFileReference; lastKnownFileType = sourcecode.c.objc; path = PinoccioTests.m; sourceTree = "<group>"; };
		B9060BD319442021000AC166 /* MainTableViewController.h */ = {isa = PBXFileReference; fileEncoding = 4; lastKnownFileType = sourcecode.c.h; path = MainTableViewController.h; sourceTree = "<group>"; };
		B9060BD419442021000AC166 /* MainTableViewController.m */ = {isa = PBXFileReference; fileEncoding = 4; lastKnownFileType = sourcecode.c.objc; path = MainTableViewController.m; sourceTree = "<group>"; };
		B9060BDA1944235F000AC166 /* LoginViewController.h */ = {isa = PBXFileReference; fileEncoding = 4; lastKnownFileType = sourcecode.c.h; path = LoginViewController.h; sourceTree = "<group>"; };
		B9060BDB1944235F000AC166 /* LoginViewController.m */ = {isa = PBXFileReference; fileEncoding = 4; lastKnownFileType = sourcecode.c.objc; path = LoginViewController.m; sourceTree = "<group>"; };
		B9060BDD194423EB000AC166 /* JNKeychain.h */ = {isa = PBXFileReference; fileEncoding = 4; lastKnownFileType = sourcecode.c.h; path = JNKeychain.h; sourceTree = "<group>"; };
		B9060BDE194423EB000AC166 /* JNKeychain.m */ = {isa = PBXFileReference; fileEncoding = 4; lastKnownFileType = sourcecode.c.objc; path = JNKeychain.m; sourceTree = "<group>"; };
		B921792D19587C7400FC698F /* ConsoleViewController.h */ = {isa = PBXFileReference; fileEncoding = 4; lastKnownFileType = sourcecode.c.h; path = ConsoleViewController.h; sourceTree = "<group>"; };
		B921792E19587C7400FC698F /* ConsoleViewController.m */ = {isa = PBXFileReference; fileEncoding = 4; lastKnownFileType = sourcecode.c.objc; path = ConsoleViewController.m; sourceTree = "<group>"; };
		B94315B91967BBF7004FE579 /* Base */ = {isa = PBXFileReference; lastKnownFileType = file.storyboard; name = Base; path = "Base.lproj/Main-iPad.storyboard"; sourceTree = "<group>"; };
		B94806951961082F00E4EBB7 /* ColorSettingsViewController.h */ = {isa = PBXFileReference; fileEncoding = 4; lastKnownFileType = sourcecode.c.h; path = ColorSettingsViewController.h; sourceTree = "<group>"; };
		B94806961961082F00E4EBB7 /* ColorSettingsViewController.m */ = {isa = PBXFileReference; fileEncoding = 4; lastKnownFileType = sourcecode.c.objc; path = ColorSettingsViewController.m; sourceTree = "<group>"; };
		B9704DF819509C85003A4DA2 /* Globals.h */ = {isa = PBXFileReference; lastKnownFileType = sourcecode.c.h; name = Globals.h; path = "View Controllers/Globals.h"; sourceTree = "<group>"; };
		B9D989D91955340F00C9BFF3 /* ZendeskDropbox.h */ = {isa = PBXFileReference; fileEncoding = 4; lastKnownFileType = sourcecode.c.h; path = ZendeskDropbox.h; sourceTree = "<group>"; };
		B9D989DB1955359700C9BFF3 /* IssueTableViewController.h */ = {isa = PBXFileReference; fileEncoding = 4; lastKnownFileType = sourcecode.c.h; path = IssueTableViewController.h; sourceTree = "<group>"; };
		B9D989DC1955359700C9BFF3 /* IssueTableViewController.m */ = {isa = PBXFileReference; fileEncoding = 4; lastKnownFileType = sourcecode.c.objc; path = IssueTableViewController.m; sourceTree = "<group>"; };
		B9D989DE1955388C00C9BFF3 /* libZendeskiPhone.a */ = {isa = PBXFileReference; lastKnownFileType = archive.ar; path = libZendeskiPhone.a; sourceTree = "<group>"; };
		B9DCD7F519442E7400711E54 /* ScoutListTableViewController.h */ = {isa = PBXFileReference; fileEncoding = 4; lastKnownFileType = sourcecode.c.h; path = ScoutListTableViewController.h; sourceTree = "<group>"; };
		B9DCD7F619442E7400711E54 /* ScoutListTableViewController.m */ = {isa = PBXFileReference; fileEncoding = 4; lastKnownFileType = sourcecode.c.objc; path = ScoutListTableViewController.m; sourceTree = "<group>"; };
		B9DCD7F819443AD100711E54 /* ScoutControlTableViewController.h */ = {isa = PBXFileReference; fileEncoding = 4; lastKnownFileType = sourcecode.c.h; path = ScoutControlTableViewController.h; sourceTree = "<group>"; };
		B9DCD7F919443AD200711E54 /* ScoutControlTableViewController.m */ = {isa = PBXFileReference; fileEncoding = 4; lastKnownFileType = sourcecode.c.objc; path = ScoutControlTableViewController.m; sourceTree = "<group>"; };
		B9DCD7FB19443DC800711E54 /* MBProgressHUD.h */ = {isa = PBXFileReference; fileEncoding = 4; lastKnownFileType = sourcecode.c.h; path = MBProgressHUD.h; sourceTree = "<group>"; };
		B9DCD7FC19443DC800711E54 /* MBProgressHUD.m */ = {isa = PBXFileReference; fileEncoding = 4; lastKnownFileType = sourcecode.c.objc; path = MBProgressHUD.m; sourceTree = "<group>"; };
		B9EF8AA8195A6117008B154E /* UARTPeripheral.h */ = {isa = PBXFileReference; fileEncoding = 4; lastKnownFileType = sourcecode.c.h; path = UARTPeripheral.h; sourceTree = "<group>"; };
		B9EF8AA9195A6117008B154E /* UARTPeripheral.m */ = {isa = PBXFileReference; fileEncoding = 4; lastKnownFileType = sourcecode.c.objc; path = UARTPeripheral.m; sourceTree = "<group>"; };
		B9EF8AAA195A6117008B154E /* UARTViewController.h */ = {isa = PBXFileReference; fileEncoding = 4; lastKnownFileType = sourcecode.c.h; path = UARTViewController.h; sourceTree = "<group>"; };
		B9EF8AAB195A6117008B154E /* UARTViewController.m */ = {isa = PBXFileReference; fileEncoding = 4; lastKnownFileType = sourcecode.c.objc; path = UARTViewController.m; sourceTree = "<group>"; };
		B9EF8AB0195A617F008B154E /* NSString+hex.h */ = {isa = PBXFileReference; fileEncoding = 4; lastKnownFileType = sourcecode.c.h; path = "NSString+hex.h"; sourceTree = "<group>"; };
		B9EF8AB1195A617F008B154E /* NSString+hex.m */ = {isa = PBXFileReference; fileEncoding = 4; lastKnownFileType = sourcecode.c.objc; path = "NSString+hex.m"; sourceTree = "<group>"; };
		B9EF8AB2195A617F008B154E /* NSData+hex.h */ = {isa = PBXFileReference; fileEncoding = 4; lastKnownFileType = sourcecode.c.h; path = "NSData+hex.h"; sourceTree = "<group>"; };
		B9EF8AB3195A617F008B154E /* NSData+hex.m */ = {isa = PBXFileReference; fileEncoding = 4; lastKnownFileType = sourcecode.c.objc; path = "NSData+hex.m"; sourceTree = "<group>"; };
		B9EF8AB4195A617F008B154E /* CBUUID+StringExtraction.h */ = {isa = PBXFileReference; fileEncoding = 4; lastKnownFileType = sourcecode.c.h; path = "CBUUID+StringExtraction.h"; sourceTree = "<group>"; };
		B9EF8AB5195A617F008B154E /* CBUUID+StringExtraction.m */ = {isa = PBXFileReference; fileEncoding = 4; lastKnownFileType = sourcecode.c.objc; path = "CBUUID+StringExtraction.m"; sourceTree = "<group>"; };
		B9EF8AB6195A617F008B154E /* UITextView+lineCount.h */ = {isa = PBXFileReference; fileEncoding = 4; lastKnownFileType = sourcecode.c.h; path = "UITextView+lineCount.h"; sourceTree = "<group>"; };
		B9EF8AB7195A617F008B154E /* UITextView+lineCount.m */ = {isa = PBXFileReference; fileEncoding = 4; lastKnownFileType = sourcecode.c.objc; path = "UITextView+lineCount.m"; sourceTree = "<group>"; };
		B9EF8ABC195A6560008B154E /* CoreBluetooth.framework */ = {isa = PBXFileReference; lastKnownFileType = wrapper.framework; name = CoreBluetooth.framework; path = System/Library/Frameworks/CoreBluetooth.framework; sourceTree = SDKROOT; };
		B9EF8ABE195A6567008B154E /* QuartzCore.framework */ = {isa = PBXFileReference; lastKnownFileType = wrapper.framework; name = QuartzCore.framework; path = System/Library/Frameworks/QuartzCore.framework; sourceTree = SDKROOT; };
		E2D2F87603874ADD9846AA54 /* libPods.a */ = {isa = PBXFileReference; explicitFileType = archive.ar; includeInIndex = 0; path = libPods.a; sourceTree = BUILT_PRODUCTS_DIR; };
/* End PBXFileReference section */

/* Begin PBXFrameworksBuildPhase section */
		B9060B6719440FF7000AC166 /* Frameworks */ = {
			isa = PBXFrameworksBuildPhase;
			buildActionMask = 2147483647;
			files = (
				B9EF8ABF195A6567008B154E /* QuartzCore.framework in Frameworks */,
				B9EF8ABD195A6560008B154E /* CoreBluetooth.framework in Frameworks */,
				D0F20B5EB45646BF8B67059A /* libPods.a in Frameworks */,
				B9D989DF1955388C00C9BFF3 /* libZendeskiPhone.a in Frameworks */,
			);
			runOnlyForDeploymentPostprocessing = 0;
		};
		B9060B7D19440FF7000AC166 /* Frameworks */ = {
			isa = PBXFrameworksBuildPhase;
			buildActionMask = 2147483647;
			files = (
			);
			runOnlyForDeploymentPostprocessing = 0;
		};
/* End PBXFrameworksBuildPhase section */

/* Begin PBXGroup section */
		B9060B6119440FF7000AC166 = {
			isa = PBXGroup;
			children = (
				B9060B6C19440FF7000AC166 /* Pinoccio */,
				B9060B8319440FF7000AC166 /* PinoccioTests */,
				B9060B6B19440FF7000AC166 /* Products */,
				97B4037FF4194ADBB0439E20 /* Pods.xcconfig */,
				D99794EF2C2D405891314C86 /* Frameworks */,
			);
			sourceTree = "<group>";
		};
		B9060B6B19440FF7000AC166 /* Products */ = {
			isa = PBXGroup;
			children = (
				B9060B6A19440FF7000AC166 /* Pinoccio.app */,
				B9060B8019440FF7000AC166 /* PinoccioTests.xctest */,
			);
			name = Products;
			sourceTree = "<group>";
		};
		B9060B6C19440FF7000AC166 /* Pinoccio */ = {
			isa = PBXGroup;
			children = (
				B937D3AE19648EEE004B274E /* iPad */,
				B9D989D71955340F00C9BFF3 /* ZendeskDropboxLib */,
				B9060B7A19440FF7000AC166 /* Images.xcassets */,
				B9060B7119440FF7000AC166 /* AppDelegate.h */,
				B9060B7219440FF7000AC166 /* AppDelegate.m */,
				B9EF8AAF195A6166008B154E /* Class Extensions */,
				B9704DF819509C85003A4DA2 /* Globals.h */,
				B9060B7719440FF7000AC166 /* Main.storyboard */,
				B9DCD7FF19443DD300711E54 /* Libraries */,
				B9060BE1194423F8000AC166 /* View Controllers */,
				B9060B6D19440FF7000AC166 /* Supporting Files */,
			);
			path = Pinoccio;
			sourceTree = "<group>";
		};
		B9060B6D19440FF7000AC166 /* Supporting Files */ = {
			isa = PBXGroup;
			children = (
				B9060B6E19440FF7000AC166 /* Info.plist */,
				B9060B6F19440FF7000AC166 /* main.m */,
			);
			path = "Supporting Files";
			sourceTree = "<group>";
		};
		B9060B8319440FF7000AC166 /* PinoccioTests */ = {
			isa = PBXGroup;
			children = (
				B9060B8619440FF7000AC166 /* PinoccioTests.m */,
				B9060B8419440FF7000AC166 /* Supporting Files */,
			);
			path = PinoccioTests;
			sourceTree = "<group>";
		};
		B9060B8419440FF7000AC166 /* Supporting Files */ = {
			isa = PBXGroup;
			children = (
				B9060B8519440FF7000AC166 /* Info.plist */,
			);
			path = "Supporting Files";
			sourceTree = "<group>";
		};
		B9060BE0194423F0000AC166 /* Keychain */ = {
			isa = PBXGroup;
			children = (
				B9060BDD194423EB000AC166 /* JNKeychain.h */,
				B9060BDE194423EB000AC166 /* JNKeychain.m */,
			);
			path = Keychain;
			sourceTree = "<group>";
		};
		B9060BE1194423F8000AC166 /* View Controllers */ = {
			isa = PBXGroup;
			children = (
				B9060BD319442021000AC166 /* MainTableViewController.h */,
				B9060BD419442021000AC166 /* MainTableViewController.m */,
				B9060BDA1944235F000AC166 /* LoginViewController.h */,
				B9060BDB1944235F000AC166 /* LoginViewController.m */,
				B9DCD7F519442E7400711E54 /* ScoutListTableViewController.h */,
				B9DCD7F619442E7400711E54 /* ScoutListTableViewController.m */,
				B9DCD7F819443AD100711E54 /* ScoutControlTableViewController.h */,
				B9DCD7F919443AD200711E54 /* ScoutControlTableViewController.m */,
				B9D989DB1955359700C9BFF3 /* IssueTableViewController.h */,
				B9D989DC1955359700C9BFF3 /* IssueTableViewController.m */,
				B921792D19587C7400FC698F /* ConsoleViewController.h */,
				B921792E19587C7400FC698F /* ConsoleViewController.m */,
				B94806951961082F00E4EBB7 /* ColorSettingsViewController.h */,
				B94806961961082F00E4EBB7 /* ColorSettingsViewController.m */,
				B9EF8AAE195A611D008B154E /* Bluetooth */,
			);
			path = "View Controllers";
			sourceTree = "<group>";
		};
		B937D3AE19648EEE004B274E /* iPad */ = {
			isa = PBXGroup;
			children = (
				B94315B81967BBF7004FE579 /* Main-iPad.storyboard */,
			);
			name = iPad;
			sourceTree = "<group>";
		};
		B9D989D71955340F00C9BFF3 /* ZendeskDropboxLib */ = {
			isa = PBXGroup;
			children = (
				B9D989DE1955388C00C9BFF3 /* libZendeskiPhone.a */,
				B9D989D91955340F00C9BFF3 /* ZendeskDropbox.h */,
			);
			path = ZendeskDropboxLib;
			sourceTree = "<group>";
		};
		B9DCD7FE19443DCB00711E54 /* MBProgressHUD */ = {
			isa = PBXGroup;
			children = (
				B9DCD7FB19443DC800711E54 /* MBProgressHUD.h */,
				B9DCD7FC19443DC800711E54 /* MBProgressHUD.m */,
			);
			path = MBProgressHUD;
			sourceTree = "<group>";
		};
		B9DCD7FF19443DD300711E54 /* Libraries */ = {
			isa = PBXGroup;
			children = (
				B9DCD7FE19443DCB00711E54 /* MBProgressHUD */,
				B9060BE0194423F0000AC166 /* Keychain */,
			);
			path = Libraries;
			sourceTree = "<group>";
		};
		B9EF8AAE195A611D008B154E /* Bluetooth */ = {
			isa = PBXGroup;
			children = (
				B9EF8AA8195A6117008B154E /* UARTPeripheral.h */,
				B9EF8AA9195A6117008B154E /* UARTPeripheral.m */,
				B9EF8AAA195A6117008B154E /* UARTViewController.h */,
				B9EF8AAB195A6117008B154E /* UARTViewController.m */,
			);
			name = Bluetooth;
			sourceTree = "<group>";
		};
		B9EF8AAF195A6166008B154E /* Class Extensions */ = {
			isa = PBXGroup;
			children = (
				B9EF8AB0195A617F008B154E /* NSString+hex.h */,
				B9EF8AB1195A617F008B154E /* NSString+hex.m */,
				B9EF8AB2195A617F008B154E /* NSData+hex.h */,
				B9EF8AB3195A617F008B154E /* NSData+hex.m */,
				B9EF8AB4195A617F008B154E /* CBUUID+StringExtraction.h */,
				B9EF8AB5195A617F008B154E /* CBUUID+StringExtraction.m */,
				B9EF8AB6195A617F008B154E /* UITextView+lineCount.h */,
				B9EF8AB7195A617F008B154E /* UITextView+lineCount.m */,
			);
			name = "Class Extensions";
			sourceTree = "<group>";
		};
		D99794EF2C2D405891314C86 /* Frameworks */ = {
			isa = PBXGroup;
			children = (
				B9EF8ABE195A6567008B154E /* QuartzCore.framework */,
				B9EF8ABC195A6560008B154E /* CoreBluetooth.framework */,
				E2D2F87603874ADD9846AA54 /* libPods.a */,
			);
			name = Frameworks;
			sourceTree = "<group>";
		};
/* End PBXGroup section */

/* Begin PBXNativeTarget section */
		B9060B6919440FF7000AC166 /* Pinoccio */ = {
			isa = PBXNativeTarget;
			buildConfigurationList = B9060B8A19440FF7000AC166 /* Build configuration list for PBXNativeTarget "Pinoccio" */;
			buildPhases = (
				308DB611CDB244D98393D25A /* Check Pods Manifest.lock */,
				B9060B6619440FF7000AC166 /* Sources */,
				B9060B6719440FF7000AC166 /* Frameworks */,
				B9060B6819440FF7000AC166 /* Resources */,
				FFAD864631694DC1B4AEF0C4 /* Copy Pods Resources */,
			);
			buildRules = (
			);
			dependencies = (
			);
			name = Pinoccio;
			productName = Pinoccio;
			productReference = B9060B6A19440FF7000AC166 /* Pinoccio.app */;
			productType = "com.apple.product-type.application";
		};
		B9060B7F19440FF7000AC166 /* PinoccioTests */ = {
			isa = PBXNativeTarget;
			buildConfigurationList = B9060B8D19440FF7000AC166 /* Build configuration list for PBXNativeTarget "PinoccioTests" */;
			buildPhases = (
				B9060B7C19440FF7000AC166 /* Sources */,
				B9060B7D19440FF7000AC166 /* Frameworks */,
				B9060B7E19440FF7000AC166 /* Resources */,
			);
			buildRules = (
			);
			dependencies = (
				B9060B8219440FF7000AC166 /* PBXTargetDependency */,
			);
			name = PinoccioTests;
			productName = PinoccioTests;
			productReference = B9060B8019440FF7000AC166 /* PinoccioTests.xctest */;
			productType = "com.apple.product-type.bundle.unit-test";
		};
/* End PBXNativeTarget section */

/* Begin PBXProject section */
		B9060B6219440FF7000AC166 /* Project object */ = {
			isa = PBXProject;
			attributes = {
				LastUpgradeCheck = 0600;
				ORGANIZATIONNAME = Haifisch;
				TargetAttributes = {
					B9060B6919440FF7000AC166 = {
						CreatedOnToolsVersion = 6.0;
						DevelopmentTeam = 48E26FMAHC;
					};
					B9060B7F19440FF7000AC166 = {
						CreatedOnToolsVersion = 6.0;
						TestTargetID = B9060B6919440FF7000AC166;
					};
				};
			};
			buildConfigurationList = B9060B6519440FF7000AC166 /* Build configuration list for PBXProject "Pinoccio" */;
			compatibilityVersion = "Xcode 3.2";
			developmentRegion = English;
			hasScannedForEncodings = 0;
			knownRegions = (
				en,
				Base,
			);
			mainGroup = B9060B6119440FF7000AC166;
			productRefGroup = B9060B6B19440FF7000AC166 /* Products */;
			projectDirPath = "";
			projectRoot = "";
			targets = (
				B9060B6919440FF7000AC166 /* Pinoccio */,
				B9060B7F19440FF7000AC166 /* PinoccioTests */,
			);
		};
/* End PBXProject section */

/* Begin PBXResourcesBuildPhase section */
		B9060B6819440FF7000AC166 /* Resources */ = {
			isa = PBXResourcesBuildPhase;
			buildActionMask = 2147483647;
			files = (
				B9060B7919440FF7000AC166 /* Main.storyboard in Resources */,
				B9060B7B19440FF7000AC166 /* Images.xcassets in Resources */,
				B94315BA1967BBF7004FE579 /* Main-iPad.storyboard in Resources */,
			);
			runOnlyForDeploymentPostprocessing = 0;
		};
		B9060B7E19440FF7000AC166 /* Resources */ = {
			isa = PBXResourcesBuildPhase;
			buildActionMask = 2147483647;
			files = (
			);
			runOnlyForDeploymentPostprocessing = 0;
		};
/* End PBXResourcesBuildPhase section */

/* Begin PBXShellScriptBuildPhase section */
		308DB611CDB244D98393D25A /* Check Pods Manifest.lock */ = {
			isa = PBXShellScriptBuildPhase;
			buildActionMask = 2147483647;
			files = (
			);
			inputPaths = (
			);
			name = "Check Pods Manifest.lock";
			outputPaths = (
			);
			runOnlyForDeploymentPostprocessing = 0;
			shellPath = /bin/sh;
			shellScript = "diff \"${PODS_ROOT}/../Podfile.lock\" \"${PODS_ROOT}/Manifest.lock\" > /dev/null\nif [[ $? != 0 ]] ; then\n    cat << EOM\nerror: The sandbox is not in sync with the Podfile.lock. Run 'pod install' or update your CocoaPods installation.\nEOM\n    exit 1\nfi\n";
			showEnvVarsInLog = 0;
		};
		FFAD864631694DC1B4AEF0C4 /* Copy Pods Resources */ = {
			isa = PBXShellScriptBuildPhase;
			buildActionMask = 2147483647;
			files = (
			);
			inputPaths = (
			);
			name = "Copy Pods Resources";
			outputPaths = (
			);
			runOnlyForDeploymentPostprocessing = 0;
			shellPath = /bin/sh;
			shellScript = "\"${SRCROOT}/Pods/Pods-resources.sh\"\n";
			showEnvVarsInLog = 0;
		};
/* End PBXShellScriptBuildPhase section */

/* Begin PBXSourcesBuildPhase section */
		B9060B6619440FF7000AC166 /* Sources */ = {
			isa = PBXSourcesBuildPhase;
			buildActionMask = 2147483647;
			files = (
				B9060BD519442021000AC166 /* MainTableViewController.m in Sources */,
				B9EF8AAC195A6117008B154E /* UARTPeripheral.m in Sources */,
				B9DCD7F719442E7400711E54 /* ScoutListTableViewController.m in Sources */,
				B921792F19587C7400FC698F /* ConsoleViewController.m in Sources */,
				B9060B7319440FF7000AC166 /* AppDelegate.m in Sources */,
				B9DCD7FD19443DC800711E54 /* MBProgressHUD.m in Sources */,
				B9EF8ABA195A617F008B154E /* CBUUID+StringExtraction.m in Sources */,
				B9EF8AB9195A617F008B154E /* NSData+hex.m in Sources */,
				B9EF8AAD195A6117008B154E /* UARTViewController.m in Sources */,
				B9060BDF194423EB000AC166 /* JNKeychain.m in Sources */,
				B9060B7019440FF7000AC166 /* main.m in Sources */,
				B9EF8ABB195A617F008B154E /* UITextView+lineCount.m in Sources */,
				B94806971961082F00E4EBB7 /* ColorSettingsViewController.m in Sources */,
				B9D989DD1955359700C9BFF3 /* IssueTableViewController.m in Sources */,
				B9DCD7FA19443AD200711E54 /* ScoutControlTableViewController.m in Sources */,
				B9060BDC1944235F000AC166 /* LoginViewController.m in Sources */,
				B9EF8AB8195A617F008B154E /* NSString+hex.m in Sources */,
			);
			runOnlyForDeploymentPostprocessing = 0;
		};
		B9060B7C19440FF7000AC166 /* Sources */ = {
			isa = PBXSourcesBuildPhase;
			buildActionMask = 2147483647;
			files = (
				B9060B8719440FF7000AC166 /* PinoccioTests.m in Sources */,
			);
			runOnlyForDeploymentPostprocessing = 0;
		};
/* End PBXSourcesBuildPhase section */

/* Begin PBXTargetDependency section */
		B9060B8219440FF7000AC166 /* PBXTargetDependency */ = {
			isa = PBXTargetDependency;
			target = B9060B6919440FF7000AC166 /* Pinoccio */;
			targetProxy = B9060B8119440FF7000AC166 /* PBXContainerItemProxy */;
		};
/* End PBXTargetDependency section */

/* Begin PBXVariantGroup section */
		B9060B7719440FF7000AC166 /* Main.storyboard */ = {
			isa = PBXVariantGroup;
			children = (
				B9060B7819440FF7000AC166 /* Base */,
			);
			name = Main.storyboard;
			sourceTree = "<group>";
		};
		B94315B81967BBF7004FE579 /* Main-iPad.storyboard */ = {
			isa = PBXVariantGroup;
			children = (
				B94315B91967BBF7004FE579 /* Base */,
			);
			name = "Main-iPad.storyboard";
			sourceTree = "<group>";
		};
/* End PBXVariantGroup section */

/* Begin XCBuildConfiguration section */
		B9060B8819440FF7000AC166 /* Debug */ = {
			isa = XCBuildConfiguration;
			buildSettings = {
				ALWAYS_SEARCH_USER_PATHS = NO;
				CLANG_CXX_LANGUAGE_STANDARD = "gnu++0x";
				CLANG_CXX_LIBRARY = "libc++";
				CLANG_ENABLE_MODULES = YES;
				CLANG_ENABLE_OBJC_ARC = YES;
				CLANG_WARN_BOOL_CONVERSION = YES;
				CLANG_WARN_CONSTANT_CONVERSION = YES;
				CLANG_WARN_DIRECT_OBJC_ISA_USAGE = YES_ERROR;
				CLANG_WARN_EMPTY_BODY = YES;
				CLANG_WARN_ENUM_CONVERSION = YES;
				CLANG_WARN_INT_CONVERSION = YES;
				CLANG_WARN_OBJC_ROOT_CLASS = YES_ERROR;
				CLANG_WARN_UNREACHABLE_CODE = YES;
				CLANG_WARN__DUPLICATE_METHOD_MATCH = YES;
				"CODE_SIGN_IDENTITY[sdk=iphoneos*]" = "iPhone Developer";
				COPY_PHASE_STRIP = NO;
				ENABLE_STRICT_OBJC_MSGSEND = YES;
				GCC_C_LANGUAGE_STANDARD = gnu99;
				GCC_DYNAMIC_NO_PIC = NO;
				GCC_OPTIMIZATION_LEVEL = 0;
				GCC_PREPROCESSOR_DEFINITIONS = (
					"DEBUG=1",
					"$(inherited)",
				);
				GCC_SYMBOLS_PRIVATE_EXTERN = NO;
				GCC_WARN_64_TO_32_BIT_CONVERSION = YES;
				GCC_WARN_ABOUT_RETURN_TYPE = YES_ERROR;
				GCC_WARN_UNDECLARED_SELECTOR = YES;
				GCC_WARN_UNINITIALIZED_AUTOS = YES_AGGRESSIVE;
				GCC_WARN_UNUSED_FUNCTION = YES;
				GCC_WARN_UNUSED_VARIABLE = YES;
				IPHONEOS_DEPLOYMENT_TARGET = 8.0;
				METAL_ENABLE_DEBUG_INFO = YES;
				ONLY_ACTIVE_ARCH = YES;
				SDKROOT = iphoneos;
			};
			name = Debug;
		};
		B9060B8919440FF7000AC166 /* Release */ = {
			isa = XCBuildConfiguration;
			buildSettings = {
				ALWAYS_SEARCH_USER_PATHS = NO;
				CLANG_CXX_LANGUAGE_STANDARD = "gnu++0x";
				CLANG_CXX_LIBRARY = "libc++";
				CLANG_ENABLE_MODULES = YES;
				CLANG_ENABLE_OBJC_ARC = YES;
				CLANG_WARN_BOOL_CONVERSION = YES;
				CLANG_WARN_CONSTANT_CONVERSION = YES;
				CLANG_WARN_DIRECT_OBJC_ISA_USAGE = YES_ERROR;
				CLANG_WARN_EMPTY_BODY = YES;
				CLANG_WARN_ENUM_CONVERSION = YES;
				CLANG_WARN_INT_CONVERSION = YES;
				CLANG_WARN_OBJC_ROOT_CLASS = YES_ERROR;
				CLANG_WARN_UNREACHABLE_CODE = YES;
				CLANG_WARN__DUPLICATE_METHOD_MATCH = YES;
				"CODE_SIGN_IDENTITY[sdk=iphoneos*]" = "iPhone Developer";
				COPY_PHASE_STRIP = YES;
				ENABLE_NS_ASSERTIONS = NO;
				ENABLE_STRICT_OBJC_MSGSEND = YES;
				GCC_C_LANGUAGE_STANDARD = gnu99;
				GCC_WARN_64_TO_32_BIT_CONVERSION = YES;
				GCC_WARN_ABOUT_RETURN_TYPE = YES_ERROR;
				GCC_WARN_UNDECLARED_SELECTOR = YES;
				GCC_WARN_UNINITIALIZED_AUTOS = YES_AGGRESSIVE;
				GCC_WARN_UNUSED_FUNCTION = YES;
				GCC_WARN_UNUSED_VARIABLE = YES;
				IPHONEOS_DEPLOYMENT_TARGET = 8.0;
				METAL_ENABLE_DEBUG_INFO = NO;
				SDKROOT = iphoneos;
				VALIDATE_PRODUCT = YES;
			};
			name = Release;
		};
		B9060B8B19440FF7000AC166 /* Debug */ = {
			isa = XCBuildConfiguration;
			baseConfigurationReference = 97B4037FF4194ADBB0439E20 /* Pods.xcconfig */;
			buildSettings = {
				ASSETCATALOG_COMPILER_APPICON_NAME = AppIcon;
				ASSETCATALOG_COMPILER_LAUNCHIMAGE_NAME = LaunchImage;
				CODE_SIGN_IDENTITY = "iPhone Developer";
				"CODE_SIGN_IDENTITY[sdk=iphoneos*]" = "iPhone Developer";
				INFOPLIST_FILE = "Pinoccio/Supporting Files/Info.plist";
				IPHONEOS_DEPLOYMENT_TARGET = 7.1;
				LD_RUNPATH_SEARCH_PATHS = "$(inherited) @executable_path/Frameworks";
				LIBRARY_SEARCH_PATHS = (
					"$(inherited)",
					"$(PROJECT_DIR)/Pinoccio/ZendeskDropboxLib",
				);
				PRODUCT_NAME = Pinoccio;
				PROVISIONING_PROFILE = "";
				TARGETED_DEVICE_FAMILY = "1,2";
			};
			name = Debug;
		};
		B9060B8C19440FF7000AC166 /* Release */ = {
			isa = XCBuildConfiguration;
			baseConfigurationReference = 97B4037FF4194ADBB0439E20 /* Pods.xcconfig */;
			buildSettings = {
				ASSETCATALOG_COMPILER_APPICON_NAME = AppIcon;
				ASSETCATALOG_COMPILER_LAUNCHIMAGE_NAME = LaunchImage;
				CODE_SIGN_IDENTITY = "iPhone Developer";
				"CODE_SIGN_IDENTITY[sdk=iphoneos*]" = "iPhone Developer";
				INFOPLIST_FILE = "Pinoccio/Supporting Files/Info.plist";
				IPHONEOS_DEPLOYMENT_TARGET = 7.1;
				LD_RUNPATH_SEARCH_PATHS = "$(inherited) @executable_path/Frameworks";
				LIBRARY_SEARCH_PATHS = (
					"$(inherited)",
					"$(PROJECT_DIR)/Pinoccio/ZendeskDropboxLib",
				);
				PRODUCT_NAME = Pinoccio;
				PROVISIONING_PROFILE = "";
				TARGETED_DEVICE_FAMILY = "1,2";
			};
			name = Release;
		};
		B9060B8E19440FF7000AC166 /* Debug */ = {
			isa = XCBuildConfiguration;
			buildSettings = {
				BUNDLE_LOADER = "$(BUILT_PRODUCTS_DIR)/Pinoccio.app/Pinoccio";
				FRAMEWORK_SEARCH_PATHS = (
					"$(SDKROOT)/Developer/Library/Frameworks",
					"$(inherited)",
				);
				GCC_PREPROCESSOR_DEFINITIONS = (
					"DEBUG=1",
					"$(inherited)",
				);
				INFOPLIST_FILE = "PinoccioTests/Supporting Files/Info.plist";
				IPHONEOS_DEPLOYMENT_TARGET = 7.0;
				LD_RUNPATH_SEARCH_PATHS = "$(inherited) @executable_path/Frameworks @loader_path/Frameworks";
				METAL_ENABLE_DEBUG_INFO = YES;
				PRODUCT_NAME = PinoccioTests;
				TEST_HOST = "$(BUNDLE_LOADER)";
			};
			name = Debug;
		};
		B9060B8F19440FF7000AC166 /* Release */ = {
			isa = XCBuildConfiguration;
			buildSettings = {
				BUNDLE_LOADER = "$(BUILT_PRODUCTS_DIR)/Pinoccio.app/Pinoccio";
				FRAMEWORK_SEARCH_PATHS = (
					"$(SDKROOT)/Developer/Library/Frameworks",
					"$(inherited)",
				);
				INFOPLIST_FILE = "PinoccioTests/Supporting Files/Info.plist";
				IPHONEOS_DEPLOYMENT_TARGET = 7.0;
				LD_RUNPATH_SEARCH_PATHS = "$(inherited) @executable_path/Frameworks @loader_path/Frameworks";
				METAL_ENABLE_DEBUG_INFO = NO;
				PRODUCT_NAME = PinoccioTests;
				TEST_HOST = "$(BUNDLE_LOADER)";
			};
			name = Release;
		};
/* End XCBuildConfiguration section */

/* Begin XCConfigurationList section */
		B9060B6519440FF7000AC166 /* Build configuration list for PBXProject "Pinoccio" */ = {
			isa = XCConfigurationList;
			buildConfigurations = (
				B9060B8819440FF7000AC166 /* Debug */,
				B9060B8919440FF7000AC166 /* Release */,
			);
			defaultConfigurationIsVisible = 0;
			defaultConfigurationName = Release;
		};
		B9060B8A19440FF7000AC166 /* Build configuration list for PBXNativeTarget "Pinoccio" */ = {
			isa = XCConfigurationList;
			buildConfigurations = (
				B9060B8B19440FF7000AC166 /* Debug */,
				B9060B8C19440FF7000AC166 /* Release */,
			);
			defaultConfigurationIsVisible = 0;
			defaultConfigurationName = Release;
		};
		B9060B8D19440FF7000AC166 /* Build configuration list for PBXNativeTarget "PinoccioTests" */ = {
			isa = XCConfigurationList;
			buildConfigurations = (
				B9060B8E19440FF7000AC166 /* Debug */,
				B9060B8F19440FF7000AC166 /* Release */,
			);
			defaultConfigurationIsVisible = 0;
			defaultConfigurationName = Release;
		};
/* End XCConfigurationList section */
	};
	rootObject = B9060B6219440FF7000AC166 /* Project object */;
}
